
Microsoft Visual Studio Solution File, Format Version 12.00
# Visual Studio Version 16
VisualStudioVersion = 16.0.30621.155
MinimumVisualStudioVersion = 10.0.40219.1
Project("{FAE04EC0-301F-11D3-BF4B-00C04F79EFBC}") = "Tesztverseny", "Tesztverseny\Tesztverseny.csproj", "{50FF1F2A-87F6-4EA4-A6C0-13B8102DFD6F}"
EndProject
Global
	GlobalSection(SolutionConfigurationPlatforms) = preSolution
		Debug|Any CPU = Debug|Any CPU
		Release|Any CPU = Release|Any CPU
	EndGlobalSection
	GlobalSection(ProjectConfigurationPlatforms) = postSolution
		{50FF1F2A-87F6-4EA4-A6C0-13B8102DFD6F}.Debug|Any CPU.ActiveCfg = Debug|Any CPU
		{50FF1F2A-87F6-4EA4-A6C0-13B8102DFD6F}.Debug|Any CPU.Build.0 = Debug|Any CPU
		{50FF1F2A-87F6-4EA4-A6C0-13B8102DFD6F}.Release|Any CPU.ActiveCfg = Release|Any CPU
		{50FF1F2A-87F6-4EA4-A6C0-13B8102DFD6F}.Release|Any CPU.Build.0 = Release|Any CPU
	EndGlobalSection
	GlobalSection(SolutionProperties) = preSolution
		HideSolutionNode = FALSE
	EndGlobalSection
	GlobalSection(ExtensibilityGlobals) = postSolution
		SolutionGuid = {5DB5F622-6CC4-4213-BA24-2F80ABD9A6FA}
	EndGlobalSection
EndGlobal
